
Microsoft Visual Studio Solution File, Format Version 12.00
# Visual Studio Version 17
VisualStudioVersion = 17.0.32014.148
MinimumVisualStudioVersion = 10.0.40219.1
Project("{8BC9CEB8-8B4A-11D0-8D11-00A0C91BC942}") = "Project001", "Project001.vcxproj", "{27DA4CD2-3C0C-422E-AD4E-FBAFD7784F96}"
EndProject
Project("{8BC9CEB8-8B4A-11D0-8D11-00A0C91BC942}") = "Project002", "..\Project002\Project002.vcxproj", "{D3AEE82C-C56F-4ECA-B949-1A82E7592808}"
EndProject
Project("{8BC9CEB8-8B4A-11D0-8D11-00A0C91BC942}") = "project003", "..\project003\project003.vcxproj", "{C97CD26F-6FF8-4194-81AB-06879D55FA47}"
EndProject
Project("{8BC9CEB8-8B4A-11D0-8D11-00A0C91BC942}") = "Project004", "..\Project004\Project004.vcxproj", "{B8DC1744-985A-4A6B-998C-F9BE6B59DF20}"
EndProject
Project("{8BC9CEB8-8B4A-11D0-8D11-00A0C91BC942}") = "Project005", "..\Project005\Project005.vcxproj", "{E36BE783-74E7-482B-BACC-399513C32FF7}"
EndProject
Project("{8BC9CEB8-8B4A-11D0-8D11-00A0C91BC942}") = "TestArr2d", "..\Test\Test.vcxproj", "{5944F48F-3A4E-41AA-89C6-03CBE35F6599}"
EndProject
Project("{8BC9CEB8-8B4A-11D0-8D11-00A0C91BC942}") = "Study001", "..\Study001\Study001.vcxproj", "{8F722FC6-7868-494A-A0F8-FFFFE1D0C297}"
EndProject
Global
	GlobalSection(SolutionConfigurationPlatforms) = preSolution
		Debug|x64 = Debug|x64
		Debug|x86 = Debug|x86
		Release|x64 = Release|x64
		Release|x86 = Release|x86
	EndGlobalSection
	GlobalSection(ProjectConfigurationPlatforms) = postSolution
		{27DA4CD2-3C0C-422E-AD4E-FBAFD7784F96}.Debug|x64.ActiveCfg = Debug|x64
		{27DA4CD2-3C0C-422E-AD4E-FBAFD7784F96}.Debug|x64.Build.0 = Debug|x64
		{27DA4CD2-3C0C-422E-AD4E-FBAFD7784F96}.Debug|x86.ActiveCfg = Debug|Win32
		{27DA4CD2-3C0C-422E-AD4E-FBAFD7784F96}.Debug|x86.Build.0 = Debug|Win32
		{27DA4CD2-3C0C-422E-AD4E-FBAFD7784F96}.Release|x64.ActiveCfg = Release|x64
		{27DA4CD2-3C0C-422E-AD4E-FBAFD7784F96}.Release|x64.Build.0 = Release|x64
		{27DA4CD2-3C0C-422E-AD4E-FBAFD7784F96}.Release|x86.ActiveCfg = Release|Win32
		{27DA4CD2-3C0C-422E-AD4E-FBAFD7784F96}.Release|x86.Build.0 = Release|Win32
		{D3AEE82C-C56F-4ECA-B949-1A82E7592808}.Debug|x64.ActiveCfg = Debug|x64
		{D3AEE82C-C56F-4ECA-B949-1A82E7592808}.Debug|x64.Build.0 = Debug|x64
		{D3AEE82C-C56F-4ECA-B949-1A82E7592808}.Debug|x86.ActiveCfg = Debug|Win32
		{D3AEE82C-C56F-4ECA-B949-1A82E7592808}.Debug|x86.Build.0 = Debug|Win32
		{D3AEE82C-C56F-4ECA-B949-1A82E7592808}.Release|x64.ActiveCfg = Release|x64
		{D3AEE82C-C56F-4ECA-B949-1A82E7592808}.Release|x64.Build.0 = Release|x64
		{D3AEE82C-C56F-4ECA-B949-1A82E7592808}.Release|x86.ActiveCfg = Release|Win32
		{D3AEE82C-C56F-4ECA-B949-1A82E7592808}.Release|x86.Build.0 = Release|Win32
		{C97CD26F-6FF8-4194-81AB-06879D55FA47}.Debug|x64.ActiveCfg = Debug|x64
		{C97CD26F-6FF8-4194-81AB-06879D55FA47}.Debug|x64.Build.0 = Debug|x64
		{C97CD26F-6FF8-4194-81AB-06879D55FA47}.Debug|x86.ActiveCfg = Debug|Win32
		{C97CD26F-6FF8-4194-81AB-06879D55FA47}.Debug|x86.Build.0 = Debug|Win32
		{C97CD26F-6FF8-4194-81AB-06879D55FA47}.Release|x64.ActiveCfg = Release|x64
		{C97CD26F-6FF8-4194-81AB-06879D55FA47}.Release|x64.Build.0 = Release|x64
		{C97CD26F-6FF8-4194-81AB-06879D55FA47}.Release|x86.ActiveCfg = Release|Win32
		{C97CD26F-6FF8-4194-81AB-06879D55FA47}.Release|x86.Build.0 = Release|Win32
		{B8DC1744-985A-4A6B-998C-F9BE6B59DF20}.Debug|x64.ActiveCfg = Debug|x64
		{B8DC1744-985A-4A6B-998C-F9BE6B59DF20}.Debug|x64.Build.0 = Debug|x64
		{B8DC1744-985A-4A6B-998C-F9BE6B59DF20}.Debug|x86.ActiveCfg = Debug|Win32
		{B8DC1744-985A-4A6B-998C-F9BE6B59DF20}.Debug|x86.Build.0 = Debug|Win32
		{B8DC1744-985A-4A6B-998C-F9BE6B59DF20}.Release|x64.ActiveCfg = Release|x64
		{B8DC1744-985A-4A6B-998C-F9BE6B59DF20}.Release|x64.Build.0 = Release|x64
		{B8DC1744-985A-4A6B-998C-F9BE6B59DF20}.Release|x86.ActiveCfg = Release|Win32
		{B8DC1744-985A-4A6B-998C-F9BE6B59DF20}.Release|x86.Build.0 = Release|Win32
		{E36BE783-74E7-482B-BACC-399513C32FF7}.Debug|x64.ActiveCfg = Debug|x64
		{E36BE783-74E7-482B-BACC-399513C32FF7}.Debug|x64.Build.0 = Debug|x64
		{E36BE783-74E7-482B-BACC-399513C32FF7}.Debug|x86.ActiveCfg = Debug|Win32
		{E36BE783-74E7-482B-BACC-399513C32FF7}.Debug|x86.Build.0 = Debug|Win32
		{E36BE783-74E7-482B-BACC-399513C32FF7}.Release|x64.ActiveCfg = Release|x64
		{E36BE783-74E7-482B-BACC-399513C32FF7}.Release|x64.Build.0 = Release|x64
		{E36BE783-74E7-482B-BACC-399513C32FF7}.Release|x86.ActiveCfg = Release|Win32
		{E36BE783-74E7-482B-BACC-399513C32FF7}.Release|x86.Build.0 = Release|Win32
		{5944F48F-3A4E-41AA-89C6-03CBE35F6599}.Debug|x64.ActiveCfg = Debug|x64
		{5944F48F-3A4E-41AA-89C6-03CBE35F6599}.Debug|x64.Build.0 = Debug|x64
		{5944F48F-3A4E-41AA-89C6-03CBE35F6599}.Debug|x86.ActiveCfg = Debug|Win32
		{5944F48F-3A4E-41AA-89C6-03CBE35F6599}.Debug|x86.Build.0 = Debug|Win32
		{5944F48F-3A4E-41AA-89C6-03CBE35F6599}.Release|x64.ActiveCfg = Release|x64
		{5944F48F-3A4E-41AA-89C6-03CBE35F6599}.Release|x64.Build.0 = Release|x64
		{5944F48F-3A4E-41AA-89C6-03CBE35F6599}.Release|x86.ActiveCfg = Release|Win32
		{5944F48F-3A4E-41AA-89C6-03CBE35F6599}.Release|x86.Build.0 = Release|Win32
		{8F722FC6-7868-494A-A0F8-FFFFE1D0C297}.Debug|x64.ActiveCfg = Debug|x64
		{8F722FC6-7868-494A-A0F8-FFFFE1D0C297}.Debug|x64.Build.0 = Debug|x64
		{8F722FC6-7868-494A-A0F8-FFFFE1D0C297}.Debug|x86.ActiveCfg = Debug|Win32
		{8F722FC6-7868-494A-A0F8-FFFFE1D0C297}.Debug|x86.Build.0 = Debug|Win32
		{8F722FC6-7868-494A-A0F8-FFFFE1D0C297}.Release|x64.ActiveCfg = Release|x64
		{8F722FC6-7868-494A-A0F8-FFFFE1D0C297}.Release|x64.Build.0 = Release|x64
		{8F722FC6-7868-494A-A0F8-FFFFE1D0C297}.Release|x86.ActiveCfg = Release|Win32
		{8F722FC6-7868-494A-A0F8-FFFFE1D0C297}.Release|x86.Build.0 = Release|Win32
	EndGlobalSection
	GlobalSection(SolutionProperties) = preSolution
		HideSolutionNode = FALSE
	EndGlobalSection
	GlobalSection(ExtensibilityGlobals) = postSolution
		SolutionGuid = {2BF36C1F-0737-4859-AA1A-B1E1E3024B8C}
	EndGlobalSection
EndGlobal
